
Microsoft Visual Studio Solution File, Format Version 12.00
# Visual Studio Version 16
VisualStudioVersion = 16.0.35130.168
MinimumVisualStudioVersion = 10.0.40219.1
Project("{FAE04EC0-301F-11D3-BF4B-00C04F79EFBC}") = "Create_dll", "Create_dll\Create_dll.csproj", "{F1F531DC-EFE2-418F-83A3-8B9BC0BAFD48}"
EndProject
Project("{FAE04EC0-301F-11D3-BF4B-00C04F79EFBC}") = "Product_WPF", "Product_WPF\Product_WPF.csproj", "{349070D3-3130-4F63-A633-5649F391802F}"
EndProject
Global
	GlobalSection(SolutionConfigurationPlatforms) = preSolution
		Debug|Any CPU = Debug|Any CPU
		Release|Any CPU = Release|Any CPU
	EndGlobalSection
	GlobalSection(ProjectConfigurationPlatforms) = postSolution
		{F1F531DC-EFE2-418F-83A3-8B9BC0BAFD48}.Debug|Any CPU.ActiveCfg = Debug|Any CPU
		{F1F531DC-EFE2-418F-83A3-8B9BC0BAFD48}.Debug|Any CPU.Build.0 = Debug|Any CPU
		{F1F531DC-EFE2-418F-83A3-8B9BC0BAFD48}.Release|Any CPU.ActiveCfg = Release|Any CPU
		{F1F531DC-EFE2-418F-83A3-8B9BC0BAFD48}.Release|Any CPU.Build.0 = Release|Any CPU
		{349070D3-3130-4F63-A633-5649F391802F}.Debug|Any CPU.ActiveCfg = Debug|Any CPU
		{349070D3-3130-4F63-A633-5649F391802F}.Debug|Any CPU.Build.0 = Debug|Any CPU
		{349070D3-3130-4F63-A633-5649F391802F}.Release|Any CPU.ActiveCfg = Release|Any CPU
		{349070D3-3130-4F63-A633-5649F391802F}.Release|Any CPU.Build.0 = Release|Any CPU
	EndGlobalSection
	GlobalSection(SolutionProperties) = preSolution
		HideSolutionNode = FALSE
	EndGlobalSection
	GlobalSection(ExtensibilityGlobals) = postSolution
		SolutionGuid = {829718D7-9D9D-44B2-A38D-0A76933C0EE1}
	EndGlobalSection
EndGlobal
